
Microsoft Visual Studio Solution File, Format Version 12.00
# Visual Studio Version 17
VisualStudioVersion = 17.3.32922.545
MinimumVisualStudioVersion = 10.0.40219.1
Project("{9A19103F-16F7-4668-BE54-9A1E7A4F7556}") = "ActionsPg", "ActionsPg\ActionsPg.csproj", "{BFB2F5B5-5326-4DCE-B8B1-D8DD05C0E416}"
EndProject
Project("{9A19103F-16F7-4668-BE54-9A1E7A4F7556}") = "ActionsPgTest", "ActionsPgTest\ActionsPgTest.csproj", "{BACD01CB-4911-4839-8A3C-51C66B458C0A}"
EndProject
Global
	GlobalSection(SolutionConfigurationPlatforms) = preSolution
		Debug|Any CPU = Debug|Any CPU
		Release|Any CPU = Release|Any CPU
	EndGlobalSection
	GlobalSection(ProjectConfigurationPlatforms) = postSolution
		{BFB2F5B5-5326-4DCE-B8B1-D8DD05C0E416}.Debug|Any CPU.ActiveCfg = Debug|Any CPU
		{BFB2F5B5-5326-4DCE-B8B1-D8DD05C0E416}.Debug|Any CPU.Build.0 = Debug|Any CPU
		{BFB2F5B5-5326-4DCE-B8B1-D8DD05C0E416}.Release|Any CPU.ActiveCfg = Release|Any CPU
		{BFB2F5B5-5326-4DCE-B8B1-D8DD05C0E416}.Release|Any CPU.Build.0 = Release|Any CPU
		{BACD01CB-4911-4839-8A3C-51C66B458C0A}.Debug|Any CPU.ActiveCfg = Debug|Any CPU
		{BACD01CB-4911-4839-8A3C-51C66B458C0A}.Debug|Any CPU.Build.0 = Debug|Any CPU
		{BACD01CB-4911-4839-8A3C-51C66B458C0A}.Release|Any CPU.ActiveCfg = Release|Any CPU
		{BACD01CB-4911-4839-8A3C-51C66B458C0A}.Release|Any CPU.Build.0 = Release|Any CPU
	EndGlobalSection
	GlobalSection(SolutionProperties) = preSolution
		HideSolutionNode = FALSE
	EndGlobalSection
	GlobalSection(ExtensibilityGlobals) = postSolution
		SolutionGuid = {FD54B23F-A505-444D-AA0D-BA9DEE315D94}
	EndGlobalSection
EndGlobal
